
Microsoft Visual Studio Solution File, Format Version 12.00
# Visual Studio 14
VisualStudioVersion = 14.0.25420.1
MinimumVisualStudioVersion = 10.0.40219.1
Project("{FAE04EC0-301F-11D3-BF4B-00C04F79EFBC}") = "MoqTest", "MoqTest\MoqTest.csproj", "{94E67D88-2871-4AA1-AD48-9704474F5CEF}"
EndProject
Project("{FAE04EC0-301F-11D3-BF4B-00C04F79EFBC}") = "MoqTestTests", "MoqTestTests\MoqTestTests.csproj", "{1DBF65EB-349B-4A21-B14E-45F0BCB47211}"
EndProject
Global
	GlobalSection(SolutionConfigurationPlatforms) = preSolution
		Debug|Any CPU = Debug|Any CPU
		Release|Any CPU = Release|Any CPU
	EndGlobalSection
	GlobalSection(ProjectConfigurationPlatforms) = postSolution
		{94E67D88-2871-4AA1-AD48-9704474F5CEF}.Debug|Any CPU.ActiveCfg = Debug|Any CPU
		{94E67D88-2871-4AA1-AD48-9704474F5CEF}.Debug|Any CPU.Build.0 = Debug|Any CPU
		{94E67D88-2871-4AA1-AD48-9704474F5CEF}.Release|Any CPU.ActiveCfg = Release|Any CPU
		{94E67D88-2871-4AA1-AD48-9704474F5CEF}.Release|Any CPU.Build.0 = Release|Any CPU
		{1DBF65EB-349B-4A21-B14E-45F0BCB47211}.Debug|Any CPU.ActiveCfg = Debug|Any CPU
		{1DBF65EB-349B-4A21-B14E-45F0BCB47211}.Debug|Any CPU.Build.0 = Debug|Any CPU
		{1DBF65EB-349B-4A21-B14E-45F0BCB47211}.Release|Any CPU.ActiveCfg = Release|Any CPU
		{1DBF65EB-349B-4A21-B14E-45F0BCB47211}.Release|Any CPU.Build.0 = Release|Any CPU
	EndGlobalSection
	GlobalSection(SolutionProperties) = preSolution
		HideSolutionNode = FALSE
	EndGlobalSection
EndGlobal
